// !$*UTF8*$!
{
	archiveVersion = 1;
	classes = {
	};
	objectVersion = 46;
	objects = {

/* Begin PBXBuildFile section */
		8B62DDA31CB4A6DA0076123C /* main.m in Sources */ = {isa = PBXBuildFile; fileRef = 8B62DDA21CB4A6DA0076123C /* main.m */; };
		8B62DDAC1CB4A6DA0076123C /* Main.storyboard in Resources */ = {isa = PBXBuildFile; fileRef = 8B62DDAA1CB4A6DA0076123C /* Main.storyboard */; };
		8B62DDAE1CB4A6DA0076123C /* Assets.xcassets in Resources */ = {isa = PBXBuildFile; fileRef = 8B62DDAD1CB4A6DA0076123C /* Assets.xcassets */; };
		8B62DDB11CB4A6DA0076123C /* LaunchScreen.storyboard in Resources */ = {isa = PBXBuildFile; fileRef = 8B62DDAF1CB4A6DA0076123C /* LaunchScreen.storyboard */; };
		8B62DDBF1CB4A6F60076123C /* NSString+SizeToFit.m in Sources */ = {isa = PBXBuildFile; fileRef = 8B62DDBA1CB4A6F60076123C /* NSString+SizeToFit.m */; };
		8B62DDC01CB4A6F60076123C /* UIView+ FrameChange.m in Sources */ = {isa = PBXBuildFile; fileRef = 8B62DDBB1CB4A6F60076123C /* UIView+ FrameChange.m */; };
		8B62DDC11CB4A6F60076123C /* XWCurveView.m in Sources */ = {isa = PBXBuildFile; fileRef = 8B62DDBE1CB4A6F60076123C /* XWCurveView.m */; };
		8B62DDDC1CB4A7090076123C /* MASCompositeConstraint.m in Sources */ = {isa = PBXBuildFile; fileRef = 8B62DDC41CB4A7090076123C /* MASCompositeConstraint.m */; };
		8B62DDDD1CB4A7090076123C /* MASConstraint.m in Sources */ = {isa = PBXBuildFile; fileRef = 8B62DDC71CB4A7090076123C /* MASConstraint.m */; };
		8B62DDDE1CB4A7090076123C /* MASConstraintMaker.m in Sources */ = {isa = PBXBuildFile; fileRef = 8B62DDC91CB4A7090076123C /* MASConstraintMaker.m */; };
		8B62DDDF1CB4A7090076123C /* MASLayoutConstraint.m in Sources */ = {isa = PBXBuildFile; fileRef = 8B62DDCB1CB4A7090076123C /* MASLayoutConstraint.m */; };
		8B62DDE01CB4A7090076123C /* MASViewAttribute.m in Sources */ = {isa = PBXBuildFile; fileRef = 8B62DDCF1CB4A7090076123C /* MASViewAttribute.m */; };
		8B62DDE11CB4A7090076123C /* MASViewConstraint.m in Sources */ = {isa = PBXBuildFile; fileRef = 8B62DDD11CB4A7090076123C /* MASViewConstraint.m */; };
		8B62DDE21CB4A7090076123C /* NSArray+MASAdditions.m in Sources */ = {isa = PBXBuildFile; fileRef = 8B62DDD31CB4A7090076123C /* NSArray+MASAdditions.m */; };
		8B62DDE31CB4A7090076123C /* NSLayoutConstraint+MASDebugAdditions.m in Sources */ = {isa = PBXBuildFile; fileRef = 8B62DDD61CB4A7090076123C /* NSLayoutConstraint+MASDebugAdditions.m */; };
		8B62DDE41CB4A7090076123C /* View+MASAdditions.m in Sources */ = {isa = PBXBuildFile; fileRef = 8B62DDD81CB4A7090076123C /* View+MASAdditions.m */; };
		8B62DDE51CB4A7090076123C /* ViewController+MASAdditions.m in Sources */ = {isa = PBXBuildFile; fileRef = 8B62DDDB1CB4A7090076123C /* ViewController+MASAdditions.m */; };
		8B62DDEA1CB4A7210076123C /* AppDelegate.m in Sources */ = {isa = PBXBuildFile; fileRef = 8B62DDE71CB4A7210076123C /* AppDelegate.m */; };
		8B62DDEB1CB4A7210076123C /* ViewController.m in Sources */ = {isa = PBXBuildFile; fileRef = 8B62DDE91CB4A7210076123C /* ViewController.m */; };
/* End PBXBuildFile section */

/* Begin PBXFileReference section */
		8B62DD9E1CB4A6DA0076123C /* Demo.app */ = {isa = PBXFileReference; explicitFileType = wrapper.application; includeInIndex = 0; path = Demo.app; sourceTree = BUILT_PRODUCTS_DIR; };
		8B62DDA21CB4A6DA0076123C /* main.m */ = {isa = PBXFileReference; lastKnownFileType = sourcecode.c.objc; path = main.m; sourceTree = "<group>"; };
		8B62DDAB1CB4A6DA0076123C /* Base */ = {isa = PBXFileReference; lastKnownFileType = file.storyboard; name = Base; path = Base.lproj/Main.storyboard; sourceTree = "<group>"; };
		8B62DDAD1CB4A6DA0076123C /* Assets.xcassets */ = {isa = PBXFileReference; lastKnownFileType = folder.assetcatalog; path = Assets.xcassets; sourceTree = "<group>"; };
		8B62DDB01CB4A6DA0076123C /* Base */ = {isa = PBXFileReference; lastKnownFileType = file.storyboard; name = Base; path = Base.lproj/LaunchScreen.storyboard; sourceTree = "<group>"; };
		8B62DDB21CB4A6DA0076123C /* Info.plist */ = {isa = PBXFileReference; lastKnownFileType = text.plist.xml; path = Info.plist; sourceTree = "<group>"; };
		8B62DDB91CB4A6F60076123C /* NSString+SizeToFit.h */ = {isa = PBXFileReference; fileEncoding = 4; lastKnownFileType = sourcecode.c.h; path = "NSString+SizeToFit.h"; sourceTree = "<group>"; };
		8B62DDBA1CB4A6F60076123C /* NSString+SizeToFit.m */ = {isa = PBXFileReference; fileEncoding = 4; lastKnownFileType = sourcecode.c.objc; path = "NSString+SizeToFit.m"; sourceTree = "<group>"; };
		8B62DDBB1CB4A6F60076123C /* UIView+ FrameChange.m */ = {isa = PBXFileReference; fileEncoding = 4; lastKnownFileType = sourcecode.c.objc; path = "UIView+ FrameChange.m"; sourceTree = "<group>"; };
		8B62DDBC1CB4A6F60076123C /* UIView+FrameChange.h */ = {isa = PBXFileReference; fileEncoding = 4; lastKnownFileType = sourcecode.c.h; path = "UIView+FrameChange.h"; sourceTree = "<group>"; };
		8B62DDBD1CB4A6F60076123C /* XWCurveView.h */ = {isa = PBXFileReference; fileEncoding = 4; lastKnownFileType = sourcecode.c.h; path = XWCurveView.h; sourceTree = "<group>"; };
		8B62DDBE1CB4A6F60076123C /* XWCurveView.m */ = {isa = PBXFileReference; fileEncoding = 4; lastKnownFileType = sourcecode.c.objc; path = XWCurveView.m; sourceTree = "<group>"; };
		8B62DDC31CB4A7090076123C /* MASCompositeConstraint.h */ = {isa = PBXFileReference; fileEncoding = 4; lastKnownFileType = sourcecode.c.h; path = MASCompositeConstraint.h; sourceTree = "<group>"; };
		8B62DDC41CB4A7090076123C /* MASCompositeConstraint.m */ = {isa = PBXFileReference; fileEncoding = 4; lastKnownFileType = sourcecode.c.objc; path = MASCompositeConstraint.m; sourceTree = "<group>"; };
		8B62DDC51CB4A7090076123C /* MASConstraint+Private.h */ = {isa = PBXFileReference; fileEncoding = 4; lastKnownFileType = sourcecode.c.h; path = "MASConstraint+Private.h"; sourceTree = "<group>"; };
		8B62DDC61CB4A7090076123C /* MASConstraint.h */ = {isa = PBXFileReference; fileEncoding = 4; lastKnownFileType = sourcecode.c.h; path = MASConstraint.h; sourceTree = "<group>"; };
		8B62DDC71CB4A7090076123C /* MASConstraint.m */ = {isa = PBXFileReference; fileEncoding = 4; lastKnownFileType = sourcecode.c.objc; path = MASConstraint.m; sourceTree = "<group>"; };
		8B62DDC81CB4A7090076123C /* MASConstraintMaker.h */ = {isa = PBXFileReference; fileEncoding = 4; lastKnownFileType = sourcecode.c.h; path = MASConstraintMaker.h; sourceTree = "<group>"; };
		8B62DDC91CB4A7090076123C /* MASConstraintMaker.m */ = {isa = PBXFileReference; fileEncoding = 4; lastKnownFileType = sourcecode.c.objc; path = MASConstraintMaker.m; sourceTree = "<group>"; };
		8B62DDCA1CB4A7090076123C /* MASLayoutConstraint.h */ = {isa = PBXFileReference; fileEncoding = 4; lastKnownFileType = sourcecode.c.h; path = MASLayoutConstraint.h; sourceTree = "<group>"; };
		8B62DDCB1CB4A7090076123C /* MASLayoutConstraint.m */ = {isa = PBXFileReference; fileEncoding = 4; lastKnownFileType = sourcecode.c.objc; path = MASLayoutConstraint.m; sourceTree = "<group>"; };
		8B62DDCC1CB4A7090076123C /* Masonry.h */ = {isa = PBXFileReference; fileEncoding = 4; lastKnownFileType = sourcecode.c.h; path = Masonry.h; sourceTree = "<group>"; };
		8B62DDCD1CB4A7090076123C /* MASUtilities.h */ = {isa = PBXFileReference; fileEncoding = 4; lastKnownFileType = sourcecode.c.h; path = MASUtilities.h; sourceTree = "<group>"; };
		8B62DDCE1CB4A7090076123C /* MASViewAttribute.h */ = {isa = PBXFileReference; fileEncoding = 4; lastKnownFileType = sourcecode.c.h; path = MASViewAttribute.h; sourceTree = "<group>"; };
		8B62DDCF1CB4A7090076123C /* MASViewAttribute.m */ = {isa = PBXFileReference; fileEncoding = 4; lastKnownFileType = sourcecode.c.objc; path = MASViewAttribute.m; sourceTree = "<group>"; };
		8B62DDD01CB4A7090076123C /* MASViewConstraint.h */ = {isa = PBXFileReference; fileEncoding = 4; lastKnownFileType = sourcecode.c.h; path = MASViewConstraint.h; sourceTree = "<group>"; };
		8B62DDD11CB4A7090076123C /* MASViewConstraint.m */ = {isa = PBXFileReference; fileEncoding = 4; lastKnownFileType = sourcecode.c.objc; path = MASViewConstraint.m; sourceTree = "<group>"; };
		8B62DDD21CB4A7090076123C /* NSArray+MASAdditions.h */ = {isa = PBXFileReference; fileEncoding = 4; lastKnownFileType = sourcecode.c.h; path = "NSArray+MASAdditions.h"; sourceTree = "<group>"; };
		8B62DDD31CB4A7090076123C /* NSArray+MASAdditions.m */ = {isa = PBXFileReference; fileEncoding = 4; lastKnownFileType = sourcecode.c.objc; path = "NSArray+MASAdditions.m"; sourceTree = "<group>"; };
		8B62DDD41CB4A7090076123C /* NSArray+MASShorthandAdditions.h */ = {isa = PBXFileReference; fileEncoding = 4; lastKnownFileType = sourcecode.c.h; path = "NSArray+MASShorthandAdditions.h"; sourceTree = "<group>"; };
		8B62DDD51CB4A7090076123C /* NSLayoutConstraint+MASDebugAdditions.h */ = {isa = PBXFileReference; fileEncoding = 4; lastKnownFileType = sourcecode.c.h; path = "NSLayoutConstraint+MASDebugAdditions.h"; sourceTree = "<group>"; };
		8B62DDD61CB4A7090076123C /* NSLayoutConstraint+MASDebugAdditions.m */ = {isa = PBXFileReference; fileEncoding = 4; lastKnownFileType = sourcecode.c.objc; path = "NSLayoutConstraint+MASDebugAdditions.m"; sourceTree = "<group>"; };
		8B62DDD71CB4A7090076123C /* View+MASAdditions.h */ = {isa = PBXFileReference; fileEncoding = 4; lastKnownFileType = sourcecode.c.h; path = "View+MASAdditions.h"; sourceTree = "<group>"; };
		8B62DDD81CB4A7090076123C /* View+MASAdditions.m */ = {isa = PBXFileReference; fileEncoding = 4; lastKnownFileType = sourcecode.c.objc; path = "View+MASAdditions.m"; sourceTree = "<group>"; };
		8B62DDD91CB4A7090076123C /* View+MASShorthandAdditions.h */ = {isa = PBXFileReference; fileEncoding = 4; lastKnownFileType = sourcecode.c.h; path = "View+MASShorthandAdditions.h"; sourceTree = "<group>"; };
		8B62DDDA1CB4A7090076123C /* ViewController+MASAdditions.h */ = {isa = PBXFileReference; fileEncoding = 4; lastKnownFileType = sourcecode.c.h; path = "ViewController+MASAdditions.h"; sourceTree = "<group>"; };
		8B62DDDB1CB4A7090076123C /* ViewController+MASAdditions.m */ = {isa = PBXFileReference; fileEncoding = 4; lastKnownFileType = sourcecode.c.objc; path = "ViewController+MASAdditions.m"; sourceTree = "<group>"; };
		8B62DDE61CB4A7210076123C /* AppDelegate.h */ = {isa = PBXFileReference; fileEncoding = 4; lastKnownFileType = sourcecode.c.h; path = AppDelegate.h; sourceTree = "<group>"; };
		8B62DDE71CB4A7210076123C /* AppDelegate.m */ = {isa = PBXFileReference; fileEncoding = 4; lastKnownFileType = sourcecode.c.objc; path = AppDelegate.m; sourceTree = "<group>"; };
		8B62DDE81CB4A7210076123C /* ViewController.h */ = {isa = PBXFileReference; fileEncoding = 4; lastKnownFileType = sourcecode.c.h; path = ViewController.h; sourceTree = "<group>"; };
		8B62DDE91CB4A7210076123C /* ViewController.m */ = {isa = PBXFileReference; fileEncoding = 4; lastKnownFileType = sourcecode.c.objc; path = ViewController.m; sourceTree = "<group>"; };
/* End PBXFileReference section */

/* Begin PBXFrameworksBuildPhase section */
		8B62DD9B1CB4A6DA0076123C /* Frameworks */ = {
			isa = PBXFrameworksBuildPhase;
			buildActionMask = 2147483647;
			files = (
			);
			runOnlyForDeploymentPostprocessing = 0;
		};
/* End PBXFrameworksBuildPhase section */

/* Begin PBXGroup section */
		8B62DD951CB4A6DA0076123C = {
			isa = PBXGroup;
			children = (
				8B62DDA01CB4A6DA0076123C /* Demo */,
				8B62DD9F1CB4A6DA0076123C /* Products */,
			);
			sourceTree = "<group>";
		};
		8B62DD9F1CB4A6DA0076123C /* Products */ = {
			isa = PBXGroup;
			children = (
				8B62DD9E1CB4A6DA0076123C /* Demo.app */,
			);
			name = Products;
			sourceTree = "<group>";
		};
		8B62DDA01CB4A6DA0076123C /* Demo */ = {
			isa = PBXGroup;
			children = (
				8B62DDE61CB4A7210076123C /* AppDelegate.h */,
				8B62DDE71CB4A7210076123C /* AppDelegate.m */,
				8B62DDE81CB4A7210076123C /* ViewController.h */,
				8B62DDE91CB4A7210076123C /* ViewController.m */,
				8B62DDC21CB4A7090076123C /* Masonry */,
				8B62DDB81CB4A6F60076123C /* XWCurveView */,
				8B62DDA11CB4A6DA0076123C /* Supporting Files */,
			);
			path = Demo;
			sourceTree = "<group>";
		};
		8B62DDA11CB4A6DA0076123C /* Supporting Files */ = {
			isa = PBXGroup;
			children = (
				8B62DDAA1CB4A6DA0076123C /* Main.storyboard */,
				8B62DDAD1CB4A6DA0076123C /* Assets.xcassets */,
				8B62DDAF1CB4A6DA0076123C /* LaunchScreen.storyboard */,
				8B62DDB21CB4A6DA0076123C /* Info.plist */,
				8B62DDA21CB4A6DA0076123C /* main.m */,
			);
			name = "Supporting Files";
			sourceTree = "<group>";
		};
		8B62DDB81CB4A6F60076123C /* XWCurveView */ = {
			isa = PBXGroup;
			children = (
				8B62DDB91CB4A6F60076123C /* NSString+SizeToFit.h */,
				8B62DDBA1CB4A6F60076123C /* NSString+SizeToFit.m */,
				8B62DDBB1CB4A6F60076123C /* UIView+ FrameChange.m */,
				8B62DDBC1CB4A6F60076123C /* UIView+FrameChange.h */,
				8B62DDBD1CB4A6F60076123C /* XWCurveView.h */,
				8B62DDBE1CB4A6F60076123C /* XWCurveView.m */,
			);
			path = XWCurveView;
			sourceTree = "<group>";
		};
		8B62DDC21CB4A7090076123C /* Masonry */ = {
			isa = PBXGroup;
			children = (
				8B62DDC31CB4A7090076123C /* MASCompositeConstraint.h */,
				8B62DDC41CB4A7090076123C /* MASCompositeConstraint.m */,
				8B62DDC51CB4A7090076123C /* MASConstraint+Private.h */,
				8B62DDC61CB4A7090076123C /* MASConstraint.h */,
				8B62DDC71CB4A7090076123C /* MASConstraint.m */,
				8B62DDC81CB4A7090076123C /* MASConstraintMaker.h */,
				8B62DDC91CB4A7090076123C /* MASConstraintMaker.m */,
				8B62DDCA1CB4A7090076123C /* MASLayoutConstraint.h */,
				8B62DDCB1CB4A7090076123C /* MASLayoutConstraint.m */,
				8B62DDCC1CB4A7090076123C /* Masonry.h */,
				8B62DDCD1CB4A7090076123C /* MASUtilities.h */,
				8B62DDCE1CB4A7090076123C /* MASViewAttribute.h */,
				8B62DDCF1CB4A7090076123C /* MASViewAttribute.m */,
				8B62DDD01CB4A7090076123C /* MASViewConstraint.h */,
				8B62DDD11CB4A7090076123C /* MASViewConstraint.m */,
				8B62DDD21CB4A7090076123C /* NSArray+MASAdditions.h */,
				8B62DDD31CB4A7090076123C /* NSArray+MASAdditions.m */,
				8B62DDD41CB4A7090076123C /* NSArray+MASShorthandAdditions.h */,
				8B62DDD51CB4A7090076123C /* NSLayoutConstraint+MASDebugAdditions.h */,
				8B62DDD61CB4A7090076123C /* NSLayoutConstraint+MASDebugAdditions.m */,
				8B62DDD71CB4A7090076123C /* View+MASAdditions.h */,
				8B62DDD81CB4A7090076123C /* View+MASAdditions.m */,
				8B62DDD91CB4A7090076123C /* View+MASShorthandAdditions.h */,
				8B62DDDA1CB4A7090076123C /* ViewController+MASAdditions.h */,
				8B62DDDB1CB4A7090076123C /* ViewController+MASAdditions.m */,
			);
			path = Masonry;
			sourceTree = "<group>";
		};
/* End PBXGroup section */

/* Begin PBXNativeTarget section */
		8B62DD9D1CB4A6DA0076123C /* Demo */ = {
			isa = PBXNativeTarget;
			buildConfigurationList = 8B62DDB51CB4A6DA0076123C /* Build configuration list for PBXNativeTarget "Demo" */;
			buildPhases = (
				8B62DD9A1CB4A6DA0076123C /* Sources */,
				8B62DD9B1CB4A6DA0076123C /* Frameworks */,
				8B62DD9C1CB4A6DA0076123C /* Resources */,
			);
			buildRules = (
			);
			dependencies = (
			);
			name = Demo;
			productName = Demo;
			productReference = 8B62DD9E1CB4A6DA0076123C /* Demo.app */;
			productType = "com.apple.product-type.application";
		};
/* End PBXNativeTarget section */

/* Begin PBXProject section */
		8B62DD961CB4A6DA0076123C /* Project object */ = {
			isa = PBXProject;
			attributes = {
				LastUpgradeCheck = 0720;
				ORGANIZATIONNAME = wazrx;
				TargetAttributes = {
					8B62DD9D1CB4A6DA0076123C = {
						CreatedOnToolsVersion = 7.2;
					};
				};
			};
			buildConfigurationList = 8B62DD991CB4A6DA0076123C /* Build configuration list for PBXProject "Demo" */;
			compatibilityVersion = "Xcode 3.2";
			developmentRegion = English;
			hasScannedForEncodings = 0;
			knownRegions = (
				en,
				Base,
			);
			mainGroup = 8B62DD951CB4A6DA0076123C;
			productRefGroup = 8B62DD9F1CB4A6DA0076123C /* Products */;
			projectDirPath = "";
			projectRoot = "";
			targets = (
				8B62DD9D1CB4A6DA0076123C /* Demo */,
			);
		};
/* End PBXProject section */

/* Begin PBXResourcesBuildPhase section */
		8B62DD9C1CB4A6DA0076123C /* Resources */ = {
			isa = PBXResourcesBuildPhase;
			buildActionMask = 2147483647;
			files = (
				8B62DDB11CB4A6DA0076123C /* LaunchScreen.storyboard in Resources */,
				8B62DDAE1CB4A6DA0076123C /* Assets.xcassets in Resources */,
				8B62DDAC1CB4A6DA0076123C /* Main.storyboard in Resources */,
			);
			runOnlyForDeploymentPostprocessing = 0;
		};
/* End PBXResourcesBuildPhase section */

/* Begin PBXSourcesBuildPhase section */
		8B62DD9A1CB4A6DA0076123C /* Sources */ = {
			isa = PBXSourcesBuildPhase;
			buildActionMask = 2147483647;
			files = (
				8B62DDDD1CB4A7090076123C /* MASConstraint.m in Sources */,
				8B62DDE01CB4A7090076123C /* MASViewAttribute.m in Sources */,
				8B62DDE51CB4A7090076123C /* ViewController+MASAdditions.m in Sources */,
				8B62DDE21CB4A7090076123C /* NSArray+MASAdditions.m in Sources */,
				8B62DDC01CB4A6F60076123C /* UIView+ FrameChange.m in Sources */,
				8B62DDE11CB4A7090076123C /* MASViewConstraint.m in Sources */,
				8B62DDDF1CB4A7090076123C /* MASLayoutConstraint.m in Sources */,
				8B62DDC11CB4A6F60076123C /* XWCurveView.m in Sources */,
				8B62DDE41CB4A7090076123C /* View+MASAdditions.m in Sources */,
				8B62DDDC1CB4A7090076123C /* MASCompositeConstraint.m in Sources */,
				8B62DDEB1CB4A7210076123C /* ViewController.m in Sources */,
				8B62DDE31CB4A7090076123C /* NSLayoutConstraint+MASDebugAdditions.m in Sources */,
				8B62DDDE1CB4A7090076123C /* MASConstraintMaker.m in Sources */,
				8B62DDA31CB4A6DA0076123C /* main.m in Sources */,
				8B62DDBF1CB4A6F60076123C /* NSString+SizeToFit.m in Sources */,
				8B62DDEA1CB4A7210076123C /* AppDelegate.m in Sources */,
			);
			runOnlyForDeploymentPostprocessing = 0;
		};
/* End PBXSourcesBuildPhase section */

/* Begin PBXVariantGroup section */
		8B62DDAA1CB4A6DA0076123C /* Main.storyboard */ = {
			isa = PBXVariantGroup;
			children = (
				8B62DDAB1CB4A6DA0076123C /* Base */,
			);
			name = Main.storyboard;
			sourceTree = "<group>";
		};
		8B62DDAF1CB4A6DA0076123C /* LaunchScreen.storyboard */ = {
			isa = PBXVariantGroup;
			children = (
				8B62DDB01CB4A6DA0076123C /* Base */,
			);
			name = LaunchScreen.storyboard;
			sourceTree = "<group>";
		};
/* End PBXVariantGroup section */

/* Begin XCBuildConfiguration section */
		8B62DDB31CB4A6DA0076123C /* Debug */ = {
			isa = XCBuildConfiguration;
			buildSettings = {
				ALWAYS_SEARCH_USER_PATHS = NO;
				CLANG_CXX_LANGUAGE_STANDARD = "gnu++0x";
				CLANG_CXX_LIBRARY = "libc++";
				CLANG_ENABLE_MODULES = YES;
				CLANG_ENABLE_OBJC_ARC = YES;
				CLANG_WARN_BOOL_CONVERSION = YES;
				CLANG_WARN_CONSTANT_CONVERSION = YES;
				CLANG_WARN_DIRECT_OBJC_ISA_USAGE = YES_ERROR;
				CLANG_WARN_EMPTY_BODY = YES;
				CLANG_WARN_ENUM_CONVERSION = YES;
				CLANG_WARN_INT_CONVERSION = YES;
				CLANG_WARN_OBJC_ROOT_CLASS = YES_ERROR;
				CLANG_WARN_UNREACHABLE_CODE = YES;
				CLANG_WARN__DUPLICATE_METHOD_MATCH = YES;
				"CODE_SIGN_IDENTITY[sdk=iphoneos*]" = "iPhone Developer";
				COPY_PHASE_STRIP = NO;
				DEBUG_INFORMATION_FORMAT = dwarf;
				ENABLE_STRICT_OBJC_MSGSEND = YES;
				ENABLE_TESTABILITY = YES;
				GCC_C_LANGUAGE_STANDARD = gnu99;
				GCC_DYNAMIC_NO_PIC = NO;
				GCC_NO_COMMON_BLOCKS = YES;
				GCC_OPTIMIZATION_LEVEL = 0;
				GCC_PREPROCESSOR_DEFINITIONS = (
					"DEBUG=1",
					"$(inherited)",
				);
				GCC_WARN_64_TO_32_BIT_CONVERSION = YES;
				GCC_WARN_ABOUT_RETURN_TYPE = YES_ERROR;
				GCC_WARN_UNDECLARED_SELECTOR = YES;
				GCC_WARN_UNINITIALIZED_AUTOS = YES_AGGRESSIVE;
				GCC_WARN_UNUSED_FUNCTION = YES;
				GCC_WARN_UNUSED_VARIABLE = YES;
				IPHONEOS_DEPLOYMENT_TARGET = 9.2;
				MTL_ENABLE_DEBUG_INFO = YES;
				ONLY_ACTIVE_ARCH = YES;
				SDKROOT = iphoneos;
				TARGETED_DEVICE_FAMILY = "1,2";
			};
			name = Debug;
		};
		8B62DDB41CB4A6DA0076123C /* Release */ = {
			isa = XCBuildConfiguration;
			buildSettings = {
				ALWAYS_SEARCH_USER_PATHS = NO;
				CLANG_CXX_LANGUAGE_STANDARD = "gnu++0x";
				CLANG_CXX_LIBRARY = "libc++";
				CLANG_ENABLE_MODULES = YES;
				CLANG_ENABLE_OBJC_ARC = YES;
				CLANG_WARN_BOOL_CONVERSION = YES;
				CLANG_WARN_CONSTANT_CONVERSION = YES;
				CLANG_WARN_DIRECT_OBJC_ISA_USAGE = YES_ERROR;
				CLANG_WARN_EMPTY_BODY = YES;
				CLANG_WARN_ENUM_CONVERSION = YES;
				CLANG_WARN_INT_CONVERSION = YES;
				CLANG_WARN_OBJC_ROOT_CLASS = YES_ERROR;
				CLANG_WARN_UNREACHABLE_CODE = YES;
				CLANG_WARN__DUPLICATE_METHOD_MATCH = YES;
				"CODE_SIGN_IDENTITY[sdk=iphoneos*]" = "iPhone Developer";
				COPY_PHASE_STRIP = NO;
				DEBUG_INFORMATION_FORMAT = "dwarf-with-dsym";
				ENABLE_NS_ASSERTIONS = NO;
				ENABLE_STRICT_OBJC_MSGSEND = YES;
				GCC_C_LANGUAGE_STANDARD = gnu99;
				GCC_NO_COMMON_BLOCKS = YES;
				GCC_WARN_64_TO_32_BIT_CONVERSION = YES;
				GCC_WARN_ABOUT_RETURN_TYPE = YES_ERROR;
				GCC_WARN_UNDECLARED_SELECTOR = YES;
				GCC_WARN_UNINITIALIZED_AUTOS = YES_AGGRESSIVE;
				GCC_WARN_UNUSED_FUNCTION = YES;
				GCC_WARN_UNUSED_VARIABLE = YES;
				IPHONEOS_DEPLOYMENT_TARGET = 9.2;
				MTL_ENABLE_DEBUG_INFO = NO;
				SDKROOT = iphoneos;
				TARGETED_DEVICE_FAMILY = "1,2";
				VALIDATE_PRODUCT = YES;
			};
			name = Release;
		};
		8B62DDB61CB4A6DA0076123C /* Debug */ = {
			isa = XCBuildConfiguration;
			buildSettings = {
				ASSETCATALOG_COMPILER_APPICON_NAME = AppIcon;
				INFOPLIST_FILE = Demo/Info.plist;
				LD_RUNPATH_SEARCH_PATHS = "$(inherited) @executable_path/Frameworks";
				PRODUCT_BUNDLE_IDENTIFIER = com.youloft.xwcurveview;
				PRODUCT_NAME = "$(TARGET_NAME)";
			};
			name = Debug;
		};
		8B62DDB71CB4A6DA0076123C /* Release */ = {
			isa = XCBuildConfiguration;
			buildSettings = {
				ASSETCATALOG_COMPILER_APPICON_NAME = AppIcon;
				INFOPLIST_FILE = Demo/Info.plist;
				LD_RUNPATH_SEARCH_PATHS = "$(inherited) @executable_path/Frameworks";
				PRODUCT_BUNDLE_IDENTIFIER = com.youloft.xwcurveview;
				PRODUCT_NAME = "$(TARGET_NAME)";
			};
			name = Release;
		};
/* End XCBuildConfiguration section */

/* Begin XCConfigurationList section */
		8B62DD991CB4A6DA0076123C /* Build configuration list for PBXProject "Demo" */ = {
			isa = XCConfigurationList;
			buildConfigurations = (
				8B62DDB31CB4A6DA0076123C /* Debug */,
				8B62DDB41CB4A6DA0076123C /* Release */,
			);
			defaultConfigurationIsVisible = 0;
			defaultConfigurationName = Release;
		};
		8B62DDB51CB4A6DA0076123C /* Build configuration list for PBXNativeTarget "Demo" */ = {
			isa = XCConfigurationList;
			buildConfigurations = (
				8B62DDB61CB4A6DA0076123C /* Debug */,
				8B62DDB71CB4A6DA0076123C /* Release */,
			);
			defaultConfigurationIsVisible = 0;
		};
/* End XCConfigurationList section */
	};
	rootObject = 8B62DD961CB4A6DA0076123C /* Project object */;
}
